<?xml version="1.0" encoding="utf-8"?>
<Project ToolsVersion="17.0" xmlns="http://schemas.microsoft.com/developer/msbuild/2003">
  <ItemGroup>
    <CustomBuild Include="C:\Users\Meir\OneDrive\שולחן העבודה\Image-processing-BEST-V\Camera\newBuild\CMakeFiles\f843d424ad417f657e246280d3de418e\generate.stamp.rule">
      <Filter>CMake Rules</Filter>
    </CustomBuild>
  </ItemGroup>
  <ItemGroup>
    <Filter Include="CMake Rules">
      <UniqueIdentifier>{D6D32CDD-4BAB-3693-9640-4F260231A404}</UniqueIdentifier>
    </Filter>
  </ItemGroup>
</Project>
